version = 1
revision = 3
requires-python = ">=3.13"

[[package]]
name = "astroid"
version = "4.0.3"
source = { registry = "https://pypi.org/simple" }
sdist = { url = "https://files.pythonhosted.org/packages/a1/ca/c17d0f83016532a1ad87d1de96837164c99d47a3b6bbba28bd597c25b37a/astroid-4.0.3.tar.gz", hash = "sha256:08d1de40d251cc3dc4a7a12726721d475ac189e4e583d596ece7422bc176bda3", size = 406224, upload-time = "2026-01-03T22:14:26.096Z" }
wheels = [
    { url = "https://files.pythonhosted.org/packages/ce/66/686ac4fc6ef48f5bacde625adac698f41d5316a9753c2b20bb0931c9d4e2/astroid-4.0.3-py3-none-any.whl", hash = "sha256:864a0a34af1bd70e1049ba1e61cee843a7252c826d97825fcee9b2fcbd9e1b14", size = 276443, upload-time = "2026-01-03T22:14:24.412Z" },
]

[[package]]
name = "colorama"
version = "0.4.6"
source = { registry = "https://pypi.org/simple" }
sdist = { url = "https://files.pythonhosted.org/packages/d8/53/6f443c9a4a8358a93a6792e2acffb9d9d5cb0a5cfd8802644b7b1c9a02e4/colorama-0.4.6.tar.gz", hash = "sha256:08695f5cb7ed6e0531a20572697297273c47b8cae5a63ffc6d6ed5c201be6e44", size = 27697, upload-time = "2022-10-25T02:36:22.414Z" }
wheels = [
    { url = "https://files.pythonhosted.org/packages/d1/d6/3965ed04c63042e047cb6a3e6ed1a63a35087b6a609aa3a15ed8ac56c221/colorama-0.4.6-py2.py3-none-any.whl", hash = "sha256:4f1d9991f5acc0ca119f9d443620b77f9d6b33703e51011c16baf57afb285fc6", size = 25335, upload-time = "2022-10-25T02:36:20.889Z" },
]

[[package]]
name = "dill"
version = "0.4.0"
source = { registry = "https://pypi.org/simple" }
sdist = { url = "https://files.pythonhosted.org/packages/12/80/630b4b88364e9a8c8c5797f4602d0f76ef820909ee32f0bacb9f90654042/dill-0.4.0.tar.gz", hash = "sha256:0633f1d2df477324f53a895b02c901fb961bdbf65a17122586ea7019292cbcf0", size = 186976, upload-time = "2025-04-16T00:41:48.867Z" }
wheels = [
    { url = "https://files.pythonhosted.org/packages/50/3d/9373ad9c56321fdab5b41197068e1d8c25883b3fea29dd361f9b55116869/dill-0.4.0-py3-none-any.whl", hash = "sha256:44f54bf6412c2c8464c14e8243eb163690a9800dbe2c367330883b19c7561049", size = 119668, upload-time = "2025-04-16T00:41:47.671Z" },
]

[[package]]
name = "isort"
version = "7.0.0"
source = { registry = "https://pypi.org/simple" }
sdist = { url = "https://files.pythonhosted.org/packages/63/53/4f3c058e3bace40282876f9b553343376ee687f3c35a525dc79dbd450f88/isort-7.0.0.tar.gz", hash = "sha256:5513527951aadb3ac4292a41a16cbc50dd1642432f5e8c20057d414bdafb4187", size = 805049, upload-time = "2025-10-11T13:30:59.107Z" }
wheels = [
    { url = "https://files.pythonhosted.org/packages/7f/ed/e3705d6d02b4f7aea715a353c8ce193efd0b5db13e204df895d38734c244/isort-7.0.0-py3-none-any.whl", hash = "sha256:1bcabac8bc3c36c7fb7b98a76c8abb18e0f841a3ba81decac7691008592499c1", size = 94672, upload-time = "2025-10-11T13:30:57.665Z" },
]

[[package]]
name = "mccabe"
version = "0.7.0"
source = { registry = "https://pypi.org/simple" }
sdist = { url = "https://files.pythonhosted.org/packages/e7/ff/0ffefdcac38932a54d2b5eed4e0ba8a408f215002cd178ad1df0f2806ff8/mccabe-0.7.0.tar.gz", hash = "sha256:348e0240c33b60bbdf4e523192ef919f28cb2c3d7d5c7794f74009290f236325", size = 9658, upload-time = "2022-01-24T01:14:51.113Z" }
wheels = [
    { url = "https://files.pythonhosted.org/packages/27/1a/1f68f9ba0c207934b35b86a8ca3aad8395a3d6dd7921c0686e23853ff5a9/mccabe-0.7.0-py2.py3-none-any.whl", hash = "sha256:6c2d30ab6be0e4a46919781807b4f0d834ebdd6c6e3dca0bda5a15f863427b6e", size = 7350, upload-time = "2022-01-24T01:14:49.62Z" },
]

[[package]]
name = "platformdirs"
version = "4.5.1"
source = { registry = "https://pypi.org/simple" }
sdist = { url = "https://files.pythonhosted.org/packages/cf/86/0248f086a84f01b37aaec0fa567b397df1a119f73c16f6c7a9aac73ea309/platformdirs-4.5.1.tar.gz", hash = "sha256:61d5cdcc6065745cdd94f0f878977f8de9437be93de97c1c12f853c9c0cdcbda", size = 21715, upload-time = "2025-12-05T13:52:58.638Z" }
wheels = [
    { url = "https://files.pythonhosted.org/packages/cb/28/3bfe2fa5a7b9c46fe7e13c97bda14c895fb10fa2ebf1d0abb90e0cea7ee1/platformdirs-4.5.1-py3-none-any.whl", hash = "sha256:d03afa3963c806a9bed9d5125c8f4cb2fdaf74a55ab60e5d59b3fde758104d31", size = 18731, upload-time = "2025-12-05T13:52:56.823Z" },
]

[[package]]
name = "pylint"
version = "4.0.4"
source = { registry = "https://pypi.org/simple" }
dependencies = [
    { name = "astroid" },
    { name = "colorama", marker = "sys_platform == 'win32'" },
    { name = "dill" },
    { name = "isort" },
    { name = "mccabe" },
    { name = "platformdirs" },
    { name = "tomlkit" },
]
sdist = { url = "https://files.pythonhosted.org/packages/5a/d2/b081da1a8930d00e3fc06352a1d449aaf815d4982319fab5d8cdb2e9ab35/pylint-4.0.4.tar.gz", hash = "sha256:d9b71674e19b1c36d79265b5887bf8e55278cbe236c9e95d22dc82cf044fdbd2", size = 1571735, upload-time = "2025-11-30T13:29:04.315Z" }
wheels = [
    { url = "https://files.pythonhosted.org/packages/a6/92/d40f5d937517cc489ad848fc4414ecccc7592e4686b9071e09e64f5e378e/pylint-4.0.4-py3-none-any.whl", hash = "sha256:63e06a37d5922555ee2c20963eb42559918c20bd2b21244e4ef426e7c43b92e0", size = 536425, upload-time = "2025-11-30T13:29:02.53Z" },
]

[[package]]
name = "python-sat"
version = "1.8.dev26"
source = { registry = "https://pypi.org/simple" }
dependencies = [
    { name = "six" },
]
sdist = { url = "https://files.pythonhosted.org/packages/d2/86/ba88012e81531648ba06422ba0e80c9c90cd5fd01ffcfa678567bc5bb920/python_sat-1.8.dev26.tar.gz", hash = "sha256:097c98aaf9b48fd19b07c5957860bfa3aae346f24d0eab9a18b1864448087e87", size = 5074098, upload-time = "2025-12-20T10:16:08.592Z" }
wheels = [
    { url = "https://files.pythonhosted.org/packages/40/ef/0b0e706bcc08daf544d681391cb5891abafea1f00c880ce761345654d657/python_sat-1.8.dev26-cp313-cp313-macosx_10_13_x86_64.whl", hash = "sha256:28f377f875165721674ff9219c7a200d6c4752fd32f30bc94a834880916f3775", size = 1761500, upload-time = "2025-12-20T10:15:22.205Z" },
    { url = "https://files.pythonhosted.org/packages/41/47/d75901289995c888b2e192966ddec27b09fa721bc59618e59c3bf9ffd5d7/python_sat-1.8.dev26-cp313-cp313-macosx_11_0_arm64.whl", hash = "sha256:e2425aadcb9ba46704eff414cbd42c05425925f6e0a73307bfd450e383159460", size = 1620984, upload-time = "2025-12-20T10:15:23.484Z" },
    { url = "https://files.pythonhosted.org/packages/13/73/05592e292a320cf5f8b67f9ad5c650d95465f5defc6e4bdd3b2448ea3354/python_sat-1.8.dev26-cp313-cp313-manylinux_2_24_aarch64.manylinux_2_28_aarch64.whl", hash = "sha256:5752402ce40cc066be4b04af8387df73f7116351fe6b506a5f48a6f28aca41f4", size = 2768476, upload-time = "2025-12-20T10:15:24.657Z" },
    { url = "https://files.pythonhosted.org/packages/81/27/054ddeae44155eb2b744dc6fcfd65596f7557c3ccde9c011181429dd4be0/python_sat-1.8.dev26-cp313-cp313-manylinux_2_24_x86_64.manylinux_2_28_x86_64.whl", hash = "sha256:99d8254c76b73ef4854ed707b1628ff4b053b3070b37b8e2e7b70545e61180b9", size = 2858535, upload-time = "2025-12-20T10:15:25.949Z" },
    { url = "https://files.pythonhosted.org/packages/7f/58/0cffa822fd5d8141a169580a879749445daea6e56847c3439395b3cecf19/python_sat-1.8.dev26-cp313-cp313-musllinux_1_2_aarch64.whl", hash = "sha256:f8f6bc4fea91cc94ab445f2e628161152b09ef8fb0c8541d738e77c757e0b552", size = 3736005, upload-time = "2025-12-20T10:15:27.326Z" },
    { url = "https://files.pythonhosted.org/packages/de/e4/55ea2662fe77c8bc5664bab1f30dafeaa38191bddde6c1ceb799a534d262/python_sat-1.8.dev26-cp313-cp313-musllinux_1_2_x86_64.whl", hash = "sha256:579af45b194051a88b87c50d82e24f1dffbf09faf1d9a281c9045c42e9864d92", size = 3868398, upload-time = "2025-12-20T10:15:28.856Z" },
    { url = "https://files.pythonhosted.org/packages/08/70/b2ecc1951ba425c7af5555cdc23635ed23865e79f1e3137715368896ef62/python_sat-1.8.dev26-cp313-cp313-win_amd64.whl", hash = "sha256:86d6da543910252e98ee9c75456dc002294ddd949db834e7d64acd7c9a1c5b66", size = 1339821, upload-time = "2025-12-20T10:53:37.867Z" },
    { url = "https://files.pythonhosted.org/packages/43/c0/ea837e81fec7eccc5592a21d9ef4b81253d3c80d44e59a97156b136065df/python_sat-1.8.dev26-cp314-cp314-macosx_10_13_x86_64.whl", hash = "sha256:c6ec2f8e5bd3725b1739bedd22b233ea4446903d289eb14709a3cb71322fcac1", size = 1761754, upload-time = "2025-12-20T10:15:30.441Z" },
    { url = "https://files.pythonhosted.org/packages/1b/b7/08bed9d6bcb7324c4d7b54e89cd76d892c8cb583b8484051018c2f234f30/python_sat-1.8.dev26-cp314-cp314-macosx_11_0_arm64.whl", hash = "sha256:35b88f11cdf27ffa56876706b41cb18ca1118eb8a896842605c1864286c362a6", size = 1621140, upload-time = "2025-12-20T10:15:32.972Z" },
    { url = "https://files.pythonhosted.org/packages/1b/c1/84f4806cff2fbac84646bc33f54fb11b191a3c30bd0a1f0e4e32a5fdcc5c/python_sat-1.8.dev26-cp314-cp314-manylinux_2_24_aarch64.manylinux_2_28_aarch64.whl", hash = "sha256:6a4376619fcbfc9bbe46d8c65f41bab0678bdcda2118b6efbec76102245d2e25", size = 2768129, upload-time = "2025-12-20T10:15:34.616Z" },
    { url = "https://files.pythonhosted.org/packages/75/4d/6668bf3fe8598aad32ab1e1e0e6f50432aa8af8c5541277fe2eb93cf1d47/python_sat-1.8.dev26-cp314-cp314-manylinux_2_24_x86_64.manylinux_2_28_x86_64.whl", hash = "sha256:99cd9fc7fc17e107c0128befb5ff34f7a3370fd7175519d767d8a37759f796ae", size = 2858595, upload-time = "2025-12-20T10:15:35.957Z" },
    { url = "https://files.pythonhosted.org/packages/d9/8e/63ad360f5cc453bb2f5a31e8297aec0bb58b462da35a4ea988c122aff64b/python_sat-1.8.dev26-cp314-cp314-musllinux_1_2_aarch64.whl", hash = "sha256:4c0f8cf8659844684967eb23e67ec7288aa18a06fb8e69b917ee2cb52142a10a", size = 3736454, upload-time = "2025-12-20T10:15:37.371Z" },
    { url = "https://files.pythonhosted.org/packages/2f/8a/bd81174f8dc615157fa92d829789cee7f44f887c11a889e2ed872005c96c/python_sat-1.8.dev26-cp314-cp314-musllinux_1_2_x86_64.whl", hash = "sha256:a6475ea7ea256c3f53c1bd2b8d75a2bc418dc99346d18fc6fb5cfad5be67c071", size = 3868778, upload-time = "2025-12-20T10:15:38.84Z" },
    { url = "https://files.pythonhosted.org/packages/55/fe/75a68358c5a0b82342765412b9a0f636a8adb203bd4973c3fa2df0391745/python_sat-1.8.dev26-cp314-cp314t-macosx_10_13_x86_64.whl", hash = "sha256:38fb4d1d131b568c45d2ad9d7c721d1977a856a80ae6b586a413af1a05c7282e", size = 1765062, upload-time = "2025-12-20T10:15:40.262Z" },
    { url = "https://files.pythonhosted.org/packages/33/bb/8519cacda078aec5dbc075f49c4b7176ea7af7cfad708fe7313a6e5c1cc7/python_sat-1.8.dev26-cp314-cp314t-macosx_11_0_arm64.whl", hash = "sha256:29e64495d76e46ddbc3d8022b83916445610c4d8584aab60564f4f1666b5df80", size = 1623387, upload-time = "2025-12-20T10:15:41.547Z" },
    { url = "https://files.pythonhosted.org/packages/3e/a0/ed28c3c4e8fb59343edbdc97432add2d09db672dcafd5cf46410c110cdfb/python_sat-1.8.dev26-cp314-cp314t-manylinux_2_24_aarch64.manylinux_2_28_aarch64.whl", hash = "sha256:8bbd11c5bc806286e3bd27efa4843035c4843f3a1ddbcfb438ef4639c3b11247", size = 2786679, upload-time = "2025-12-20T10:15:43.267Z" },
    { url = "https://files.pythonhosted.org/packages/98/4a/782af821bfa6dc5ffdf7c6e2161403867108d40e27df1ac410e340c03295/python_sat-1.8.dev26-cp314-cp314t-manylinux_2_24_x86_64.manylinux_2_28_x86_64.whl", hash = "sha256:660e8e956134140fe36d4f1ab2cc7571697192f813b40f28cd53ea2a802088df", size = 2878998, upload-time = "2025-12-20T10:15:45.158Z" },
    { url = "https://files.pythonhosted.org/packages/1e/ab/401670561f99e040d7540755e690a79e05bcf592e89b342abf9b002dc45a/python_sat-1.8.dev26-cp314-cp314t-musllinux_1_2_aarch64.whl", hash = "sha256:21cd05a1dff39ed8f965c79237727ad5800f6704e889c83ab6c0ce0f0e99ad6b", size = 3751468, upload-time = "2025-12-20T10:15:46.539Z" },
    { url = "https://files.pythonhosted.org/packages/f9/f5/917a295c060f8de1bb9f1a99fbcacc885ea1187371a3d3c337f7f3fa3d49/python_sat-1.8.dev26-cp314-cp314t-musllinux_1_2_x86_64.whl", hash = "sha256:9635ec47443dd8b8d96a71eec170268a7e4eb62d75486859a19b45f1a7047e77", size = 3883858, upload-time = "2025-12-20T10:15:48.005Z" },
]

[[package]]
name = "six"
version = "1.17.0"
source = { registry = "https://pypi.org/simple" }
sdist = { url = "https://files.pythonhosted.org/packages/94/e7/b2c673351809dca68a0e064b6af791aa332cf192da575fd474ed7d6f16a2/six-1.17.0.tar.gz", hash = "sha256:ff70335d468e7eb6ec65b95b99d3a2836546063f63acc5171de367e834932a81", size = 34031, upload-time = "2024-12-04T17:35:28.174Z" }
wheels = [
    { url = "https://files.pythonhosted.org/packages/b7/ce/149a00dd41f10bc29e5921b496af8b574d8413afcd5e30dfa0ed46c2cc5e/six-1.17.0-py2.py3-none-any.whl", hash = "sha256:4721f391ed90541fddacab5acf947aa0d3dc7d27b2e1e8eda2be8970586c3274", size = 11050, upload-time = "2024-12-04T17:35:26.475Z" },
]

[[package]]
name = "software-engineering"
version = "0.1.0"
source = { virtual = "." }
dependencies = [
    { name = "pylint" },
    { name = "python-sat" },
]

[package.metadata]
requires-dist = [
    { name = "pylint", specifier = ">=4.0.4" },
    { name = "python-sat", specifier = ">=1.8.dev26" },
]

[[package]]
name = "tomlkit"
version = "0.14.0"
source = { registry = "https://pypi.org/simple" }
sdist = { url = "https://files.pythonhosted.org/packages/c3/af/14b24e41977adb296d6bd1fb59402cf7d60ce364f90c890bd2ec65c43b5a/tomlkit-0.14.0.tar.gz", hash = "sha256:cf00efca415dbd57575befb1f6634c4f42d2d87dbba376128adb42c121b87064", size = 187167, upload-time = "2026-01-13T01:14:53.304Z" }
wheels = [
    { url = "https://files.pythonhosted.org/packages/b5/11/87d6d29fb5d237229d67973a6c9e06e048f01cf4994dee194ab0ea841814/tomlkit-0.14.0-py3-none-any.whl", hash = "sha256:592064ed85b40fa213469f81ac584f67a4f2992509a7c3ea2d632208623a3680", size = 39310, upload-time = "2026-01-13T01:14:51.965Z" },
]
